
Microsoft Visual Studio Solution File, Format Version 12.00
# Visual Studio Version 16
VisualStudioVersion = 16.0.30225.117
MinimumVisualStudioVersion = 10.0.40219.1
Project("{FAE04EC0-301F-11D3-BF4B-00C04F79EFBC}") = "RapPhimOOSD", "RapPhimOOSD\RapPhimOOSD.csproj", "{BF58765C-AEDD-4FC8-BE07-3413E093CA9B}"
EndProject
Global
	GlobalSection(SolutionConfigurationPlatforms) = preSolution
		Debug|Any CPU = Debug|Any CPU
		Release|Any CPU = Release|Any CPU
	EndGlobalSection
	GlobalSection(ProjectConfigurationPlatforms) = postSolution
		{BF58765C-AEDD-4FC8-BE07-3413E093CA9B}.Debug|Any CPU.ActiveCfg = Debug|Any CPU
		{BF58765C-AEDD-4FC8-BE07-3413E093CA9B}.Debug|Any CPU.Build.0 = Debug|Any CPU
		{BF58765C-AEDD-4FC8-BE07-3413E093CA9B}.Release|Any CPU.ActiveCfg = Release|Any CPU
		{BF58765C-AEDD-4FC8-BE07-3413E093CA9B}.Release|Any CPU.Build.0 = Release|Any CPU
	EndGlobalSection
	GlobalSection(SolutionProperties) = preSolution
		HideSolutionNode = FALSE
	EndGlobalSection
	GlobalSection(ExtensibilityGlobals) = postSolution
		SolutionGuid = {3E25A5A4-8292-49B6-B421-3460688314E2}
	EndGlobalSection
EndGlobal
